{
    "version": 3,
    "terraform_version": "0.10.5",
    "serial": 6,
    "lineage": "ef5c7893-5f41-478a-97a8-91b78184d2df",
    "modules": [
        {
            "path": [
                "root"
            ],
            "outputs": {},
            "resources": {},
            "depends_on": []
        },
        {
            "path": [
                "root",
                "vpc_lzone"
            ],
            "outputs": {},
            "resources": {
                "aws_internet_gateway.lz_igw": {
                    "type": "aws_internet_gateway",
                    "depends_on": [
                        "aws_vpc.lz"
                    ],
                    "primary": {
                        "id": "igw-44a7df20",
                        "attributes": {
                            "id": "igw-44a7df20",
                            "tags.%": "1",
                            "tags.Name": "Lz-IGW",
                            "vpc_id": "vpc-d5ca96b2"
                        },
                        "meta": {},
                        "tainted": false
                    },
                    "deposed": [],
                    "provider": ""
                },
                "aws_route.lz_vpc_route": {
                    "type": "aws_route",
                    "depends_on": [
                        "aws_internet_gateway.lz_igw",
                        "aws_vpc.lz"
                    ],
                    "primary": {
                        "id": "r-rtb-704cec161080289494",
                        "attributes": {
                            "destination_cidr_block": "0.0.0.0/0",
                            "destination_prefix_list_id": "",
                            "egress_only_gateway_id": "",
                            "gateway_id": "igw-44a7df20",
                            "id": "r-rtb-704cec161080289494",
                            "instance_id": "",
                            "instance_owner_id": "",
                            "nat_gateway_id": "",
                            "network_interface_id": "",
                            "origin": "CreateRoute",
                            "route_table_id": "rtb-704cec16",
                            "state": "active",
                            "vpc_peering_connection_id": ""
                        },
                        "meta": {
                            "e2bfb730-ecaa-11e6-8f88-34363bc7c4c0": {
                                "create": 120000000000,
                                "delete": 300000000000
                            }
                        },
                        "tainted": false
                    },
                    "deposed": [],
                    "provider": ""
                },
                "aws_route_table.lz_vpc_table": {
                    "type": "aws_route_table",
                    "depends_on": [
                        "aws_vpc.lz"
                    ],
                    "primary": {
                        "id": "rtb-8d4aeaeb",
                        "attributes": {
                            "id": "rtb-8d4aeaeb",
                            "propagating_vgws.#": "0",
                            "route.#": "0",
                            "tags.%": "1",
                            "tags.Name": "LZ-VPC-Routing",
                            "vpc_id": "vpc-d5ca96b2"
                        },
                        "meta": {},
                        "tainted": false
                    },
                    "deposed": [],
                    "provider": ""
                },
                "aws_route_table_association.lz_pub_sbn_1a_association": {
                    "type": "aws_route_table_association",
                    "depends_on": [
                        "aws_route_table.lz_vpc_table",
                        "aws_subnet.lz_pub_sbn_1a"
                    ],
                    "primary": {
                        "id": "rtbassoc-5511c72c",
                        "attributes": {
                            "id": "rtbassoc-5511c72c",
                            "route_table_id": "rtb-8d4aeaeb",
                            "subnet_id": "subnet-9286b5db"
                        },
                        "meta": {},
                        "tainted": false
                    },
                    "deposed": [],
                    "provider": ""
                },
                "aws_route_table_association.lz_pub_sbn_1b_association": {
                    "type": "aws_route_table_association",
                    "depends_on": [
                        "aws_route_table.lz_vpc_table",
                        "aws_subnet.lz_pub_sbn_1b"
                    ],
                    "primary": {
                        "id": "rtbassoc-c11fc9b8",
                        "attributes": {
                            "id": "rtbassoc-c11fc9b8",
                            "route_table_id": "rtb-8d4aeaeb",
                            "subnet_id": "subnet-f6303291"
                        },
                        "meta": {},
                        "tainted": false
                    },
                    "deposed": [],
                    "provider": ""
                },
                "aws_subnet.lz_pub_sbn_1a": {
                    "type": "aws_subnet",
                    "depends_on": [
                        "aws_vpc.lz"
                    ],
                    "primary": {
                        "id": "subnet-9286b5db",
                        "attributes": {
                            "assign_ipv6_address_on_creation": "false",
                            "availability_zone": "ap-southeast-1a",
                            "cidr_block": "192.168.0.0/27",
                            "id": "subnet-9286b5db",
                            "map_public_ip_on_launch": "true",
                            "tags.%": "1",
                            "tags.Name": "Lz-Pub-Subnet-1a",
                            "vpc_id": "vpc-d5ca96b2"
                        },
                        "meta": {
                            "schema_version": "1"
                        },
                        "tainted": false
                    },
                    "deposed": [],
                    "provider": ""
                },
                "aws_subnet.lz_pub_sbn_1b": {
                    "type": "aws_subnet",
                    "depends_on": [
                        "aws_vpc.lz"
                    ],
                    "primary": {
                        "id": "subnet-f6303291",
                        "attributes": {
                            "assign_ipv6_address_on_creation": "false",
                            "availability_zone": "ap-southeast-1b",
                            "cidr_block": "192.168.0.32/27",
                            "id": "subnet-f6303291",
                            "map_public_ip_on_launch": "true",
                            "tags.%": "1",
                            "tags.Name": "Lz-Pub-Subnet-1b",
                            "vpc_id": "vpc-d5ca96b2"
                        },
                        "meta": {
                            "schema_version": "1"
                        },
                        "tainted": false
                    },
                    "deposed": [],
                    "provider": ""
                },
                "aws_vpc.lz": {
                    "type": "aws_vpc",
                    "depends_on": [],
                    "primary": {
                        "id": "vpc-d5ca96b2",
                        "attributes": {
                            "assign_generated_ipv6_cidr_block": "false",
                            "cidr_block": "192.168.0.0/24",
                            "default_network_acl_id": "acl-b65f99d0",
                            "default_route_table_id": "rtb-704cec16",
                            "default_security_group_id": "sg-3573d54d",
                            "dhcp_options_id": "dopt-ea637e8e",
                            "enable_classiclink": "false",
                            "enable_classiclink_dns_support": "false",
                            "enable_dns_hostnames": "true",
                            "enable_dns_support": "true",
                            "id": "vpc-d5ca96b2",
                            "instance_tenancy": "default",
                            "main_route_table_id": "rtb-704cec16",
                            "tags.%": "1",
                            "tags.Name": "LZ-VPC"
                        },
                        "meta": {
                            "schema_version": "1"
                        },
                        "tainted": false
                    },
                    "deposed": [],
                    "provider": ""
                }
            },
            "depends_on": []
        }
    ]
}
